// !$*UTF8*$!
{
	archiveVersion = 1;
	classes = {
	};
	objectVersion = 56;
	objects = {

/* Begin PBXBuildFile section */
		9F991B3129E4ECDD0084EFFF /* _706012110056_MirandaUtami_AFL3App.swift in Sources */ = {isa = PBXBuildFile; fileRef = 9F991B3029E4ECDD0084EFFF /* _706012110056_MirandaUtami_AFL3App.swift */; };
		9F991B3329E4ECDD0084EFFF /* ContentView.swift in Sources */ = {isa = PBXBuildFile; fileRef = 9F991B3229E4ECDD0084EFFF /* ContentView.swift */; };
		9F991B3529E4ECDE0084EFFF /* Assets.xcassets in Resources */ = {isa = PBXBuildFile; fileRef = 9F991B3429E4ECDE0084EFFF /* Assets.xcassets */; };
		9F991B3829E4ECDE0084EFFF /* Preview Assets.xcassets in Resources */ = {isa = PBXBuildFile; fileRef = 9F991B3729E4ECDE0084EFFF /* Preview Assets.xcassets */; };
		9F991B4229E4ECDE0084EFFF /* _706012110056_MirandaUtami_AFL3Tests.swift in Sources */ = {isa = PBXBuildFile; fileRef = 9F991B4129E4ECDE0084EFFF /* _706012110056_MirandaUtami_AFL3Tests.swift */; };
		9F991B4C29E4ECDE0084EFFF /* _706012110056_MirandaUtami_AFL3UITests.swift in Sources */ = {isa = PBXBuildFile; fileRef = 9F991B4B29E4ECDE0084EFFF /* _706012110056_MirandaUtami_AFL3UITests.swift */; };
		9F991B4E29E4ECDE0084EFFF /* _706012110056_MirandaUtami_AFL3UITestsLaunchTests.swift in Sources */ = {isa = PBXBuildFile; fileRef = 9F991B4D29E4ECDE0084EFFF /* _706012110056_MirandaUtami_AFL3UITestsLaunchTests.swift */; };
/* End PBXBuildFile section */

/* Begin PBXContainerItemProxy section */
		9F991B3E29E4ECDE0084EFFF /* PBXContainerItemProxy */ = {
			isa = PBXContainerItemProxy;
			containerPortal = 9F991B2529E4ECDD0084EFFF /* Project object */;
			proxyType = 1;
			remoteGlobalIDString = 9F991B2C29E4ECDD0084EFFF;
			remoteInfo = "0706012110056-MirandaUtami-AFL3";
		};
		9F991B4829E4ECDE0084EFFF /* PBXContainerItemProxy */ = {
			isa = PBXContainerItemProxy;
			containerPortal = 9F991B2529E4ECDD0084EFFF /* Project object */;
			proxyType = 1;
			remoteGlobalIDString = 9F991B2C29E4ECDD0084EFFF;
			remoteInfo = "0706012110056-MirandaUtami-AFL3";
		};
/* End PBXContainerItemProxy section */

/* Begin PBXFileReference section */
		9F991B2D29E4ECDD0084EFFF /* 0706012110056-MirandaUtami-AFL3.app */ = {isa = PBXFileReference; explicitFileType = wrapper.application; includeInIndex = 0; path = "0706012110056-MirandaUtami-AFL3.app"; sourceTree = BUILT_PRODUCTS_DIR; };
		9F991B3029E4ECDD0084EFFF /* _706012110056_MirandaUtami_AFL3App.swift */ = {isa = PBXFileReference; lastKnownFileType = sourcecode.swift; path = _706012110056_MirandaUtami_AFL3App.swift; sourceTree = "<group>"; };
		9F991B3229E4ECDD0084EFFF /* ContentView.swift */ = {isa = PBXFileReference; lastKnownFileType = sourcecode.swift; path = ContentView.swift; sourceTree = "<group>"; };
		9F991B3429E4ECDE0084EFFF /* Assets.xcassets */ = {isa = PBXFileReference; lastKnownFileType = folder.assetcatalog; path = Assets.xcassets; sourceTree = "<group>"; };
		9F991B3729E4ECDE0084EFFF /* Preview Assets.xcassets */ = {isa = PBXFileReference; lastKnownFileType = folder.assetcatalog; path = "Preview Assets.xcassets"; sourceTree = "<group>"; };
		9F991B3D29E4ECDE0084EFFF /* 0706012110056-MirandaUtami-AFL3Tests.xctest */ = {isa = PBXFileReference; explicitFileType = wrapper.cfbundle; includeInIndex = 0; path = "0706012110056-MirandaUtami-AFL3Tests.xctest"; sourceTree = BUILT_PRODUCTS_DIR; };
		9F991B4129E4ECDE0084EFFF /* _706012110056_MirandaUtami_AFL3Tests.swift */ = {isa = PBXFileReference; lastKnownFileType = sourcecode.swift; path = _706012110056_MirandaUtami_AFL3Tests.swift; sourceTree = "<group>"; };
		9F991B4729E4ECDE0084EFFF /* 0706012110056-MirandaUtami-AFL3UITests.xctest */ = {isa = PBXFileReference; explicitFileType = wrapper.cfbundle; includeInIndex = 0; path = "0706012110056-MirandaUtami-AFL3UITests.xctest"; sourceTree = BUILT_PRODUCTS_DIR; };
		9F991B4B29E4ECDE0084EFFF /* _706012110056_MirandaUtami_AFL3UITests.swift */ = {isa = PBXFileReference; lastKnownFileType = sourcecode.swift; path = _706012110056_MirandaUtami_AFL3UITests.swift; sourceTree = "<group>"; };
		9F991B4D29E4ECDE0084EFFF /* _706012110056_MirandaUtami_AFL3UITestsLaunchTests.swift */ = {isa = PBXFileReference; lastKnownFileType = sourcecode.swift; path = _706012110056_MirandaUtami_AFL3UITestsLaunchTests.swift; sourceTree = "<group>"; };
/* End PBXFileReference section */

/* Begin PBXFrameworksBuildPhase section */
		9F991B2A29E4ECDD0084EFFF /* Frameworks */ = {
			isa = PBXFrameworksBuildPhase;
			buildActionMask = 2147483647;
			files = (
			);
			runOnlyForDeploymentPostprocessing = 0;
		};
		9F991B3A29E4ECDE0084EFFF /* Frameworks */ = {
			isa = PBXFrameworksBuildPhase;
			buildActionMask = 2147483647;
			files = (
			);
			runOnlyForDeploymentPostprocessing = 0;
		};
		9F991B4429E4ECDE0084EFFF /* Frameworks */ = {
			isa = PBXFrameworksBuildPhase;
			buildActionMask = 2147483647;
			files = (
			);
			runOnlyForDeploymentPostprocessing = 0;
		};
/* End PBXFrameworksBuildPhase section */

/* Begin PBXGroup section */
		9F991B2429E4ECDD0084EFFF = {
			isa = PBXGroup;
			children = (
				9F991B2F29E4ECDD0084EFFF /* 0706012110056-MirandaUtami-AFL3 */,
				9F991B4029E4ECDE0084EFFF /* 0706012110056-MirandaUtami-AFL3Tests */,
				9F991B4A29E4ECDE0084EFFF /* 0706012110056-MirandaUtami-AFL3UITests */,
				9F991B2E29E4ECDD0084EFFF /* Products */,
			);
			sourceTree = "<group>";
		};
		9F991B2E29E4ECDD0084EFFF /* Products */ = {
			isa = PBXGroup;
			children = (
				9F991B2D29E4ECDD0084EFFF /* 0706012110056-MirandaUtami-AFL3.app */,
				9F991B3D29E4ECDE0084EFFF /* 0706012110056-MirandaUtami-AFL3Tests.xctest */,
				9F991B4729E4ECDE0084EFFF /* 0706012110056-MirandaUtami-AFL3UITests.xctest */,
			);
			name = Products;
			sourceTree = "<group>";
		};
		9F991B2F29E4ECDD0084EFFF /* 0706012110056-MirandaUtami-AFL3 */ = {
			isa = PBXGroup;
			children = (
				9F991B3029E4ECDD0084EFFF /* _706012110056_MirandaUtami_AFL3App.swift */,
				9F991B3229E4ECDD0084EFFF /* ContentView.swift */,
				9F991B3429E4ECDE0084EFFF /* Assets.xcassets */,
				9F991B3629E4ECDE0084EFFF /* Preview Content */,
			);
			path = "0706012110056-MirandaUtami-AFL3";
			sourceTree = "<group>";
		};
		9F991B3629E4ECDE0084EFFF /* Preview Content */ = {
			isa = PBXGroup;
			children = (
				9F991B3729E4ECDE0084EFFF /* Preview Assets.xcassets */,
			);
			path = "Preview Content";
			sourceTree = "<group>";
		};
		9F991B4029E4ECDE0084EFFF /* 0706012110056-MirandaUtami-AFL3Tests */ = {
			isa = PBXGroup;
			children = (
				9F991B4129E4ECDE0084EFFF /* _706012110056_MirandaUtami_AFL3Tests.swift */,
			);
			path = "0706012110056-MirandaUtami-AFL3Tests";
			sourceTree = "<group>";
		};
		9F991B4A29E4ECDE0084EFFF /* 0706012110056-MirandaUtami-AFL3UITests */ = {
			isa = PBXGroup;
			children = (
				9F991B4B29E4ECDE0084EFFF /* _706012110056_MirandaUtami_AFL3UITests.swift */,
				9F991B4D29E4ECDE0084EFFF /* _706012110056_MirandaUtami_AFL3UITestsLaunchTests.swift */,
			);
			path = "0706012110056-MirandaUtami-AFL3UITests";
			sourceTree = "<group>";
		};
/* End PBXGroup section */

/* Begin PBXNativeTarget section */
		9F991B2C29E4ECDD0084EFFF /* 0706012110056-MirandaUtami-AFL3 */ = {
			isa = PBXNativeTarget;
			buildConfigurationList = 9F991B5129E4ECDE0084EFFF /* Build configuration list for PBXNativeTarget "0706012110056-MirandaUtami-AFL3" */;
			buildPhases = (
				9F991B2929E4ECDD0084EFFF /* Sources */,
				9F991B2A29E4ECDD0084EFFF /* Frameworks */,
				9F991B2B29E4ECDD0084EFFF /* Resources */,
			);
			buildRules = (
			);
			dependencies = (
			);
			name = "0706012110056-MirandaUtami-AFL3";
			productName = "0706012110056-MirandaUtami-AFL3";
			productReference = 9F991B2D29E4ECDD0084EFFF /* 0706012110056-MirandaUtami-AFL3.app */;
			productType = "com.apple.product-type.application";
		};
		9F991B3C29E4ECDE0084EFFF /* 0706012110056-MirandaUtami-AFL3Tests */ = {
			isa = PBXNativeTarget;
			buildConfigurationList = 9F991B5429E4ECDE0084EFFF /* Build configuration list for PBXNativeTarget "0706012110056-MirandaUtami-AFL3Tests" */;
			buildPhases = (
				9F991B3929E4ECDE0084EFFF /* Sources */,
				9F991B3A29E4ECDE0084EFFF /* Frameworks */,
				9F991B3B29E4ECDE0084EFFF /* Resources */,
			);
			buildRules = (
			);
			dependencies = (
				9F991B3F29E4ECDE0084EFFF /* PBXTargetDependency */,
			);
			name = "0706012110056-MirandaUtami-AFL3Tests";
			productName = "0706012110056-MirandaUtami-AFL3Tests";
			productReference = 9F991B3D29E4ECDE0084EFFF /* 0706012110056-MirandaUtami-AFL3Tests.xctest */;
			productType = "com.apple.product-type.bundle.unit-test";
		};
		9F991B4629E4ECDE0084EFFF /* 0706012110056-MirandaUtami-AFL3UITests */ = {
			isa = PBXNativeTarget;
			buildConfigurationList = 9F991B5729E4ECDE0084EFFF /* Build configuration list for PBXNativeTarget "0706012110056-MirandaUtami-AFL3UITests" */;
			buildPhases = (
				9F991B4329E4ECDE0084EFFF /* Sources */,
				9F991B4429E4ECDE0084EFFF /* Frameworks */,
				9F991B4529E4ECDE0084EFFF /* Resources */,
			);
			buildRules = (
			);
			dependencies = (
				9F991B4929E4ECDE0084EFFF /* PBXTargetDependency */,
			);
			name = "0706012110056-MirandaUtami-AFL3UITests";
			productName = "0706012110056-MirandaUtami-AFL3UITests";
			productReference = 9F991B4729E4ECDE0084EFFF /* 0706012110056-MirandaUtami-AFL3UITests.xctest */;
			productType = "com.apple.product-type.bundle.ui-testing";
		};
/* End PBXNativeTarget section */

/* Begin PBXProject section */
		9F991B2529E4ECDD0084EFFF /* Project object */ = {
			isa = PBXProject;
			attributes = {
				BuildIndependentTargetsInParallel = 1;
				LastSwiftUpdateCheck = 1430;
				LastUpgradeCheck = 1430;
				TargetAttributes = {
					9F991B2C29E4ECDD0084EFFF = {
						CreatedOnToolsVersion = 14.3;
					};
					9F991B3C29E4ECDE0084EFFF = {
						CreatedOnToolsVersion = 14.3;
						TestTargetID = 9F991B2C29E4ECDD0084EFFF;
					};
					9F991B4629E4ECDE0084EFFF = {
						CreatedOnToolsVersion = 14.3;
						TestTargetID = 9F991B2C29E4ECDD0084EFFF;
					};
				};
			};
			buildConfigurationList = 9F991B2829E4ECDD0084EFFF /* Build configuration list for PBXProject "0706012110056-MirandaUtami-AFL3" */;
			compatibilityVersion = "Xcode 14.0";
			developmentRegion = en;
			hasScannedForEncodings = 0;
			knownRegions = (
				en,
				Base,
			);
			mainGroup = 9F991B2429E4ECDD0084EFFF;
			productRefGroup = 9F991B2E29E4ECDD0084EFFF /* Products */;
			projectDirPath = "";
			projectRoot = "";
			targets = (
				9F991B2C29E4ECDD0084EFFF /* 0706012110056-MirandaUtami-AFL3 */,
				9F991B3C29E4ECDE0084EFFF /* 0706012110056-MirandaUtami-AFL3Tests */,
				9F991B4629E4ECDE0084EFFF /* 0706012110056-MirandaUtami-AFL3UITests */,
			);
		};
/* End PBXProject section */

/* Begin PBXResourcesBuildPhase section */
		9F991B2B29E4ECDD0084EFFF /* Resources */ = {
			isa = PBXResourcesBuildPhase;
			buildActionMask = 2147483647;
			files = (
				9F991B3829E4ECDE0084EFFF /* Preview Assets.xcassets in Resources */,
				9F991B3529E4ECDE0084EFFF /* Assets.xcassets in Resources */,
			);
			runOnlyForDeploymentPostprocessing = 0;
		};
		9F991B3B29E4ECDE0084EFFF /* Resources */ = {
			isa = PBXResourcesBuildPhase;
			buildActionMask = 2147483647;
			files = (
			);
			runOnlyForDeploymentPostprocessing = 0;
		};
		9F991B4529E4ECDE0084EFFF /* Resources */ = {
			isa = PBXResourcesBuildPhase;
			buildActionMask = 2147483647;
			files = (
			);
			runOnlyForDeploymentPostprocessing = 0;
		};
/* End PBXResourcesBuildPhase section */

/* Begin PBXSourcesBuildPhase section */
		9F991B2929E4ECDD0084EFFF /* Sources */ = {
			isa = PBXSourcesBuildPhase;
			buildActionMask = 2147483647;
			files = (
				9F991B3329E4ECDD0084EFFF /* ContentView.swift in Sources */,
				9F991B3129E4ECDD0084EFFF /* _706012110056_MirandaUtami_AFL3App.swift in Sources */,
			);
			runOnlyForDeploymentPostprocessing = 0;
		};
		9F991B3929E4ECDE0084EFFF /* Sources */ = {
			isa = PBXSourcesBuildPhase;
			buildActionMask = 2147483647;
			files = (
				9F991B4229E4ECDE0084EFFF /* _706012110056_MirandaUtami_AFL3Tests.swift in Sources */,
			);
			runOnlyForDeploymentPostprocessing = 0;
		};
		9F991B4329E4ECDE0084EFFF /* Sources */ = {
			isa = PBXSourcesBuildPhase;
			buildActionMask = 2147483647;
			files = (
				9F991B4C29E4ECDE0084EFFF /* _706012110056_MirandaUtami_AFL3UITests.swift in Sources */,
				9F991B4E29E4ECDE0084EFFF /* _706012110056_MirandaUtami_AFL3UITestsLaunchTests.swift in Sources */,
			);
			runOnlyForDeploymentPostprocessing = 0;
		};
/* End PBXSourcesBuildPhase section */

/* Begin PBXTargetDependency section */
		9F991B3F29E4ECDE0084EFFF /* PBXTargetDependency */ = {
			isa = PBXTargetDependency;
			target = 9F991B2C29E4ECDD0084EFFF /* 0706012110056-MirandaUtami-AFL3 */;
			targetProxy = 9F991B3E29E4ECDE0084EFFF /* PBXContainerItemProxy */;
		};
		9F991B4929E4ECDE0084EFFF /* PBXTargetDependency */ = {
			isa = PBXTargetDependency;
			target = 9F991B2C29E4ECDD0084EFFF /* 0706012110056-MirandaUtami-AFL3 */;
			targetProxy = 9F991B4829E4ECDE0084EFFF /* PBXContainerItemProxy */;
		};
/* End PBXTargetDependency section */

/* Begin XCBuildConfiguration section */
		9F991B4F29E4ECDE0084EFFF /* Debug */ = {
			isa = XCBuildConfiguration;
			buildSettings = {
				ALWAYS_SEARCH_USER_PATHS = NO;
				CLANG_ANALYZER_NONNULL = YES;
				CLANG_ANALYZER_NUMBER_OBJECT_CONVERSION = YES_AGGRESSIVE;
				CLANG_CXX_LANGUAGE_STANDARD = "gnu++20";
				CLANG_ENABLE_MODULES = YES;
				CLANG_ENABLE_OBJC_ARC = YES;
				CLANG_ENABLE_OBJC_WEAK = YES;
				CLANG_WARN_BLOCK_CAPTURE_AUTORELEASING = YES;
				CLANG_WARN_BOOL_CONVERSION = YES;
				CLANG_WARN_COMMA = YES;
				CLANG_WARN_CONSTANT_CONVERSION = YES;
				CLANG_WARN_DEPRECATED_OBJC_IMPLEMENTATIONS = YES;
				CLANG_WARN_DIRECT_OBJC_ISA_USAGE = YES_ERROR;
				CLANG_WARN_DOCUMENTATION_COMMENTS = YES;
				CLANG_WARN_EMPTY_BODY = YES;
				CLANG_WARN_ENUM_CONVERSION = YES;
				CLANG_WARN_INFINITE_RECURSION = YES;
				CLANG_WARN_INT_CONVERSION = YES;
				CLANG_WARN_NON_LITERAL_NULL_CONVERSION = YES;
				CLANG_WARN_OBJC_IMPLICIT_RETAIN_SELF = YES;
				CLANG_WARN_OBJC_LITERAL_CONVERSION = YES;
				CLANG_WARN_OBJC_ROOT_CLASS = YES_ERROR;
				CLANG_WARN_QUOTED_INCLUDE_IN_FRAMEWORK_HEADER = YES;
				CLANG_WARN_RANGE_LOOP_ANALYSIS = YES;
				CLANG_WARN_STRICT_PROTOTYPES = YES;
				CLANG_WARN_SUSPICIOUS_MOVE = YES;
				CLANG_WARN_UNGUARDED_AVAILABILITY = YES_AGGRESSIVE;
				CLANG_WARN_UNREACHABLE_CODE = YES;
				CLANG_WARN__DUPLICATE_METHOD_MATCH = YES;
				COPY_PHASE_STRIP = NO;
				DEBUG_INFORMATION_FORMAT = dwarf;
				ENABLE_STRICT_OBJC_MSGSEND = YES;
				ENABLE_TESTABILITY = YES;
				GCC_C_LANGUAGE_STANDARD = gnu11;
				GCC_DYNAMIC_NO_PIC = NO;
				GCC_NO_COMMON_BLOCKS = YES;
				GCC_OPTIMIZATION_LEVEL = 0;
				GCC_PREPROCESSOR_DEFINITIONS = (
					"DEBUG=1",
					"$(inherited)",
				);
				GCC_WARN_64_TO_32_BIT_CONVERSION = YES;
				GCC_WARN_ABOUT_RETURN_TYPE = YES_ERROR;
				GCC_WARN_UNDECLARED_SELECTOR = YES;
				GCC_WARN_UNINITIALIZED_AUTOS = YES_AGGRESSIVE;
				GCC_WARN_UNUSED_FUNCTION = YES;
				GCC_WARN_UNUSED_VARIABLE = YES;
				IPHONEOS_DEPLOYMENT_TARGET = 16.4;
				MTL_ENABLE_DEBUG_INFO = INCLUDE_SOURCE;
				MTL_FAST_MATH = YES;
				ONLY_ACTIVE_ARCH = YES;
				SDKROOT = iphoneos;
				SWIFT_ACTIVE_COMPILATION_CONDITIONS = DEBUG;
				SWIFT_OPTIMIZATION_LEVEL = "-Onone";
			};
			name = Debug;
		};
		9F991B5029E4ECDE0084EFFF /* Release */ = {
			isa = XCBuildConfiguration;
			buildSettings = {
				ALWAYS_SEARCH_USER_PATHS = NO;
				CLANG_ANALYZER_NONNULL = YES;
				CLANG_ANALYZER_NUMBER_OBJECT_CONVERSION = YES_AGGRESSIVE;
				CLANG_CXX_LANGUAGE_STANDARD = "gnu++20";
				CLANG_ENABLE_MODULES = YES;
				CLANG_ENABLE_OBJC_ARC = YES;
				CLANG_ENABLE_OBJC_WEAK = YES;
				CLANG_WARN_BLOCK_CAPTURE_AUTORELEASING = YES;
				CLANG_WARN_BOOL_CONVERSION = YES;
				CLANG_WARN_COMMA = YES;
				CLANG_WARN_CONSTANT_CONVERSION = YES;
				CLANG_WARN_DEPRECATED_OBJC_IMPLEMENTATIONS = YES;
				CLANG_WARN_DIRECT_OBJC_ISA_USAGE = YES_ERROR;
				CLANG_WARN_DOCUMENTATION_COMMENTS = YES;
				CLANG_WARN_EMPTY_BODY = YES;
				CLANG_WARN_ENUM_CONVERSION = YES;
				CLANG_WARN_INFINITE_RECURSION = YES;
				CLANG_WARN_INT_CONVERSION = YES;
				CLANG_WARN_NON_LITERAL_NULL_CONVERSION = YES;
				CLANG_WARN_OBJC_IMPLICIT_RETAIN_SELF = YES;
				CLANG_WARN_OBJC_LITERAL_CONVERSION = YES;
				CLANG_WARN_OBJC_ROOT_CLASS = YES_ERROR;
				CLANG_WARN_QUOTED_INCLUDE_IN_FRAMEWORK_HEADER = YES;
				CLANG_WARN_RANGE_LOOP_ANALYSIS = YES;
				CLANG_WARN_STRICT_PROTOTYPES = YES;
				CLANG_WARN_SUSPICIOUS_MOVE = YES;
				CLANG_WARN_UNGUARDED_AVAILABILITY = YES_AGGRESSIVE;
				CLANG_WARN_UNREACHABLE_CODE = YES;
				CLANG_WARN__DUPLICATE_METHOD_MATCH = YES;
				COPY_PHASE_STRIP = NO;
				DEBUG_INFORMATION_FORMAT = "dwarf-with-dsym";
				ENABLE_NS_ASSERTIONS = NO;
				ENABLE_STRICT_OBJC_MSGSEND = YES;
				GCC_C_LANGUAGE_STANDARD = gnu11;
				GCC_NO_COMMON_BLOCKS = YES;
				GCC_WARN_64_TO_32_BIT_CONVERSION = YES;
				GCC_WARN_ABOUT_RETURN_TYPE = YES_ERROR;
				GCC_WARN_UNDECLARED_SELECTOR = YES;
				GCC_WARN_UNINITIALIZED_AUTOS = YES_AGGRESSIVE;
				GCC_WARN_UNUSED_FUNCTION = YES;
				GCC_WARN_UNUSED_VARIABLE = YES;
				IPHONEOS_DEPLOYMENT_TARGET = 16.4;
				MTL_ENABLE_DEBUG_INFO = NO;
				MTL_FAST_MATH = YES;
				SDKROOT = iphoneos;
				SWIFT_COMPILATION_MODE = wholemodule;
				SWIFT_OPTIMIZATION_LEVEL = "-O";
				VALIDATE_PRODUCT = YES;
			};
			name = Release;
		};
		9F991B5229E4ECDE0084EFFF /* Debug */ = {
			isa = XCBuildConfiguration;
			buildSettings = {
				ASSETCATALOG_COMPILER_APPICON_NAME = AppIcon;
				ASSETCATALOG_COMPILER_GLOBAL_ACCENT_COLOR_NAME = AccentColor;
				CODE_SIGN_STYLE = Automatic;
				CURRENT_PROJECT_VERSION = 1;
				DEVELOPMENT_ASSET_PATHS = "\"0706012110056-MirandaUtami-AFL3/Preview Content\"";
				DEVELOPMENT_TEAM = B3W96FJVQ4;
				ENABLE_PREVIEWS = YES;
				GENERATE_INFOPLIST_FILE = YES;
				INFOPLIST_KEY_UIApplicationSceneManifest_Generation = YES;
				INFOPLIST_KEY_UIApplicationSupportsIndirectInputEvents = YES;
				INFOPLIST_KEY_UILaunchScreen_Generation = YES;
				INFOPLIST_KEY_UISupportedInterfaceOrientations_iPad = "UIInterfaceOrientationPortrait UIInterfaceOrientationPortraitUpsideDown UIInterfaceOrientationLandscapeLeft UIInterfaceOrientationLandscapeRight";
				INFOPLIST_KEY_UISupportedInterfaceOrientations_iPhone = "UIInterfaceOrientationPortrait UIInterfaceOrientationLandscapeLeft UIInterfaceOrientationLandscapeRight";
				LD_RUNPATH_SEARCH_PATHS = (
					"$(inherited)",
					"@executable_path/Frameworks",
				);
				MARKETING_VERSION = 1.0;
				PRODUCT_BUNDLE_IDENTIFIER = "miranda.-706012110056-MirandaUtami-AFL3";
				PRODUCT_NAME = "$(TARGET_NAME)";
				SWIFT_EMIT_LOC_STRINGS = YES;
				SWIFT_VERSION = 5.0;
				TARGETED_DEVICE_FAMILY = "1,2";
			};
			name = Debug;
		};
		9F991B5329E4ECDE0084EFFF /* Release */ = {
			isa = XCBuildConfiguration;
			buildSettings = {
				ASSETCATALOG_COMPILER_APPICON_NAME = AppIcon;
				ASSETCATALOG_COMPILER_GLOBAL_ACCENT_COLOR_NAME = AccentColor;
				CODE_SIGN_STYLE = Automatic;
				CURRENT_PROJECT_VERSION = 1;
				DEVELOPMENT_ASSET_PATHS = "\"0706012110056-MirandaUtami-AFL3/Preview Content\"";
				DEVELOPMENT_TEAM = B3W96FJVQ4;
				ENABLE_PREVIEWS = YES;
				GENERATE_INFOPLIST_FILE = YES;
				INFOPLIST_KEY_UIApplicationSceneManifest_Generation = YES;
				INFOPLIST_KEY_UIApplicationSupportsIndirectInputEvents = YES;
				INFOPLIST_KEY_UILaunchScreen_Generation = YES;
				INFOPLIST_KEY_UISupportedInterfaceOrientations_iPad = "UIInterfaceOrientationPortrait UIInterfaceOrientationPortraitUpsideDown UIInterfaceOrientationLandscapeLeft UIInterfaceOrientationLandscapeRight";
				INFOPLIST_KEY_UISupportedInterfaceOrientations_iPhone = "UIInterfaceOrientationPortrait UIInterfaceOrientationLandscapeLeft UIInterfaceOrientationLandscapeRight";
				LD_RUNPATH_SEARCH_PATHS = (
					"$(inherited)",
					"@executable_path/Frameworks",
				);
				MARKETING_VERSION = 1.0;
				PRODUCT_BUNDLE_IDENTIFIER = "miranda.-706012110056-MirandaUtami-AFL3";
				PRODUCT_NAME = "$(TARGET_NAME)";
				SWIFT_EMIT_LOC_STRINGS = YES;
				SWIFT_VERSION = 5.0;
				TARGETED_DEVICE_FAMILY = "1,2";
			};
			name = Release;
		};
		9F991B5529E4ECDE0084EFFF /* Debug */ = {
			isa = XCBuildConfiguration;
			buildSettings = {
				ALWAYS_EMBED_SWIFT_STANDARD_LIBRARIES = YES;
				BUNDLE_LOADER = "$(TEST_HOST)";
				CODE_SIGN_STYLE = Automatic;
				CURRENT_PROJECT_VERSION = 1;
				DEVELOPMENT_TEAM = B3W96FJVQ4;
				GENERATE_INFOPLIST_FILE = YES;
				IPHONEOS_DEPLOYMENT_TARGET = 16.4;
				MARKETING_VERSION = 1.0;
				PRODUCT_BUNDLE_IDENTIFIER = "miranda.-706012110056-MirandaUtami-AFL3Tests";
				PRODUCT_NAME = "$(TARGET_NAME)";
				SWIFT_EMIT_LOC_STRINGS = NO;
				SWIFT_VERSION = 5.0;
				TARGETED_DEVICE_FAMILY = "1,2";
				TEST_HOST = "$(BUILT_PRODUCTS_DIR)/0706012110056-MirandaUtami-AFL3.app/$(BUNDLE_EXECUTABLE_FOLDER_PATH)/0706012110056-MirandaUtami-AFL3";
			};
			name = Debug;
		};
		9F991B5629E4ECDE0084EFFF /* Release */ = {
			isa = XCBuildConfiguration;
			buildSettings = {
				ALWAYS_EMBED_SWIFT_STANDARD_LIBRARIES = YES;
				BUNDLE_LOADER = "$(TEST_HOST)";
				CODE_SIGN_STYLE = Automatic;
				CURRENT_PROJECT_VERSION = 1;
				DEVELOPMENT_TEAM = B3W96FJVQ4;
				GENERATE_INFOPLIST_FILE = YES;
				IPHONEOS_DEPLOYMENT_TARGET = 16.4;
				MARKETING_VERSION = 1.0;
				PRODUCT_BUNDLE_IDENTIFIER = "miranda.-706012110056-MirandaUtami-AFL3Tests";
				PRODUCT_NAME = "$(TARGET_NAME)";
				SWIFT_EMIT_LOC_STRINGS = NO;
				SWIFT_VERSION = 5.0;
				TARGETED_DEVICE_FAMILY = "1,2";
				TEST_HOST = "$(BUILT_PRODUCTS_DIR)/0706012110056-MirandaUtami-AFL3.app/$(BUNDLE_EXECUTABLE_FOLDER_PATH)/0706012110056-MirandaUtami-AFL3";
			};
			name = Release;
		};
		9F991B5829E4ECDE0084EFFF /* Debug */ = {
			isa = XCBuildConfiguration;
			buildSettings = {
				ALWAYS_EMBED_SWIFT_STANDARD_LIBRARIES = YES;
				CODE_SIGN_STYLE = Automatic;
				CURRENT_PROJECT_VERSION = 1;
				DEVELOPMENT_TEAM = B3W96FJVQ4;
				GENERATE_INFOPLIST_FILE = YES;
				MARKETING_VERSION = 1.0;
				PRODUCT_BUNDLE_IDENTIFIER = "miranda.-706012110056-MirandaUtami-AFL3UITests";
				PRODUCT_NAME = "$(TARGET_NAME)";
				SWIFT_EMIT_LOC_STRINGS = NO;
				SWIFT_VERSION = 5.0;
				TARGETED_DEVICE_FAMILY = "1,2";
				TEST_TARGET_NAME = "0706012110056-MirandaUtami-AFL3";
			};
			name = Debug;
		};
		9F991B5929E4ECDE0084EFFF /* Release */ = {
			isa = XCBuildConfiguration;
			buildSettings = {
				ALWAYS_EMBED_SWIFT_STANDARD_LIBRARIES = YES;
				CODE_SIGN_STYLE = Automatic;
				CURRENT_PROJECT_VERSION = 1;
				DEVELOPMENT_TEAM = B3W96FJVQ4;
				GENERATE_INFOPLIST_FILE = YES;
				MARKETING_VERSION = 1.0;
				PRODUCT_BUNDLE_IDENTIFIER = "miranda.-706012110056-MirandaUtami-AFL3UITests";
				PRODUCT_NAME = "$(TARGET_NAME)";
				SWIFT_EMIT_LOC_STRINGS = NO;
				SWIFT_VERSION = 5.0;
				TARGETED_DEVICE_FAMILY = "1,2";
				TEST_TARGET_NAME = "0706012110056-MirandaUtami-AFL3";
			};
			name = Release;
		};
/* End XCBuildConfiguration section */

/* Begin XCConfigurationList section */
		9F991B2829E4ECDD0084EFFF /* Build configuration list for PBXProject "0706012110056-MirandaUtami-AFL3" */ = {
			isa = XCConfigurationList;
			buildConfigurations = (
				9F991B4F29E4ECDE0084EFFF /* Debug */,
				9F991B5029E4ECDE0084EFFF /* Release */,
			);
			defaultConfigurationIsVisible = 0;
			defaultConfigurationName = Release;
		};
		9F991B5129E4ECDE0084EFFF /* Build configuration list for PBXNativeTarget "0706012110056-MirandaUtami-AFL3" */ = {
			isa = XCConfigurationList;
			buildConfigurations = (
				9F991B5229E4ECDE0084EFFF /* Debug */,
				9F991B5329E4ECDE0084EFFF /* Release */,
			);
			defaultConfigurationIsVisible = 0;
			defaultConfigurationName = Release;
		};
		9F991B5429E4ECDE0084EFFF /* Build configuration list for PBXNativeTarget "0706012110056-MirandaUtami-AFL3Tests" */ = {
			isa = XCConfigurationList;
			buildConfigurations = (
				9F991B5529E4ECDE0084EFFF /* Debug */,
				9F991B5629E4ECDE0084EFFF /* Release */,
			);
			defaultConfigurationIsVisible = 0;
			defaultConfigurationName = Release;
		};
		9F991B5729E4ECDE0084EFFF /* Build configuration list for PBXNativeTarget "0706012110056-MirandaUtami-AFL3UITests" */ = {
			isa = XCConfigurationList;
			buildConfigurations = (
				9F991B5829E4ECDE0084EFFF /* Debug */,
				9F991B5929E4ECDE0084EFFF /* Release */,
			);
			defaultConfigurationIsVisible = 0;
			defaultConfigurationName = Release;
		};
/* End XCConfigurationList section */
	};
	rootObject = 9F991B2529E4ECDD0084EFFF /* Project object */;
}
